
Microsoft Visual Studio Solution File, Format Version 12.00
# Visual Studio Version 17
VisualStudioVersion = 17.7.34202.233
MinimumVisualStudioVersion = 10.0.40219.1
Project("{FAE04EC0-301F-11D3-BF4B-00C04F79EFBC}") = "GestionBibliotheque", "GestionBibliotheque\GestionBibliotheque.csproj", "{9C97E973-7220-4708-BE35-4649E8EDC3FD}"
EndProject
Global
	GlobalSection(SolutionConfigurationPlatforms) = preSolution
		Debug|Any CPU = Debug|Any CPU
		Release|Any CPU = Release|Any CPU
	EndGlobalSection
	GlobalSection(ProjectConfigurationPlatforms) = postSolution
		{9C97E973-7220-4708-BE35-4649E8EDC3FD}.Debug|Any CPU.ActiveCfg = Debug|Any CPU
		{9C97E973-7220-4708-BE35-4649E8EDC3FD}.Debug|Any CPU.Build.0 = Debug|Any CPU
		{9C97E973-7220-4708-BE35-4649E8EDC3FD}.Release|Any CPU.ActiveCfg = Release|Any CPU
		{9C97E973-7220-4708-BE35-4649E8EDC3FD}.Release|Any CPU.Build.0 = Release|Any CPU
	EndGlobalSection
	GlobalSection(SolutionProperties) = preSolution
		HideSolutionNode = FALSE
	EndGlobalSection
	GlobalSection(ExtensibilityGlobals) = postSolution
		SolutionGuid = {78363EB3-5D98-4B10-A31B-AC259EC12D1F}
	EndGlobalSection
EndGlobal
